
Microsoft Visual Studio Solution File, Format Version 12.00
# Visual Studio Version 17
VisualStudioVersion = 17.5.33502.453
MinimumVisualStudioVersion = 10.0.40219.1
Project("{9A19103F-16F7-4668-BE54-9A1E7A4F7556}") = "Business.Interfaces", "BusinessInterfaces\Business.Interfaces.csproj", "{72675F5A-EF6A-45E7-9756-C4EED4F19719}"
EndProject
Project("{9A19103F-16F7-4668-BE54-9A1E7A4F7556}") = "Api", "Controller\Api.csproj", "{A4BDF825-D25A-4C2D-B320-B9A0613D449D}"
EndProject
Project("{9A19103F-16F7-4668-BE54-9A1E7A4F7556}") = "Business.Entities", "Entities\Business.Entities.csproj", "{A1E5FC5A-6B71-4B5B-9BD7-EE002E9619CA}"
EndProject
Project("{9A19103F-16F7-4668-BE54-9A1E7A4F7556}") = "Tests", "Tests\Tests.csproj", "{434B705B-C8AF-4E02-ABC0-9405B0971A69}"
EndProject
Project("{9A19103F-16F7-4668-BE54-9A1E7A4F7556}") = "Business", "Business\Business.csproj", "{D22E9AE9-99C9-4502-B469-29A87E11A89B}"
EndProject
Global
	GlobalSection(SolutionConfigurationPlatforms) = preSolution
		Debug|Any CPU = Debug|Any CPU
		Release|Any CPU = Release|Any CPU
	EndGlobalSection
	GlobalSection(ProjectConfigurationPlatforms) = postSolution
		{72675F5A-EF6A-45E7-9756-C4EED4F19719}.Debug|Any CPU.ActiveCfg = Debug|Any CPU
		{72675F5A-EF6A-45E7-9756-C4EED4F19719}.Debug|Any CPU.Build.0 = Debug|Any CPU
		{72675F5A-EF6A-45E7-9756-C4EED4F19719}.Release|Any CPU.ActiveCfg = Release|Any CPU
		{72675F5A-EF6A-45E7-9756-C4EED4F19719}.Release|Any CPU.Build.0 = Release|Any CPU
		{A4BDF825-D25A-4C2D-B320-B9A0613D449D}.Debug|Any CPU.ActiveCfg = Debug|Any CPU
		{A4BDF825-D25A-4C2D-B320-B9A0613D449D}.Debug|Any CPU.Build.0 = Debug|Any CPU
		{A4BDF825-D25A-4C2D-B320-B9A0613D449D}.Release|Any CPU.ActiveCfg = Release|Any CPU
		{A4BDF825-D25A-4C2D-B320-B9A0613D449D}.Release|Any CPU.Build.0 = Release|Any CPU
		{A1E5FC5A-6B71-4B5B-9BD7-EE002E9619CA}.Debug|Any CPU.ActiveCfg = Debug|Any CPU
		{A1E5FC5A-6B71-4B5B-9BD7-EE002E9619CA}.Debug|Any CPU.Build.0 = Debug|Any CPU
		{A1E5FC5A-6B71-4B5B-9BD7-EE002E9619CA}.Release|Any CPU.ActiveCfg = Release|Any CPU
		{A1E5FC5A-6B71-4B5B-9BD7-EE002E9619CA}.Release|Any CPU.Build.0 = Release|Any CPU
		{434B705B-C8AF-4E02-ABC0-9405B0971A69}.Debug|Any CPU.ActiveCfg = Debug|Any CPU
		{434B705B-C8AF-4E02-ABC0-9405B0971A69}.Debug|Any CPU.Build.0 = Debug|Any CPU
		{434B705B-C8AF-4E02-ABC0-9405B0971A69}.Release|Any CPU.ActiveCfg = Release|Any CPU
		{434B705B-C8AF-4E02-ABC0-9405B0971A69}.Release|Any CPU.Build.0 = Release|Any CPU
		{D22E9AE9-99C9-4502-B469-29A87E11A89B}.Debug|Any CPU.ActiveCfg = Debug|Any CPU
		{D22E9AE9-99C9-4502-B469-29A87E11A89B}.Debug|Any CPU.Build.0 = Debug|Any CPU
		{D22E9AE9-99C9-4502-B469-29A87E11A89B}.Release|Any CPU.ActiveCfg = Release|Any CPU
		{D22E9AE9-99C9-4502-B469-29A87E11A89B}.Release|Any CPU.Build.0 = Release|Any CPU
	EndGlobalSection
	GlobalSection(SolutionProperties) = preSolution
		HideSolutionNode = FALSE
	EndGlobalSection
	GlobalSection(ExtensibilityGlobals) = postSolution
		SolutionGuid = {65029042-550E-4F15-AD25-9269E07327DD}
	EndGlobalSection
EndGlobal
